// !$*UTF8*$!
{
	archiveVersion = 1;
	classes = {
	};
	objectVersion = 46;
	objects = {

/* Begin PBXBuildFile section */
		3B82FD6B1DD91EB60093D7C5 /* PageContentViewController.m in Sources */ = {isa = PBXBuildFile; fileRef = 3B82FD6A1DD91EB60093D7C5 /* PageContentViewController.m */; };
		3B82FD6E1DD926BC0093D7C5 /* HelpViewController.m in Sources */ = {isa = PBXBuildFile; fileRef = 3B82FD6D1DD926BC0093D7C5 /* HelpViewController.m */; };
		3B82FD711DD931C50093D7C5 /* Main.storyboard in Resources */ = {isa = PBXBuildFile; fileRef = 3B82FD6F1DD931C40093D7C5 /* Main.storyboard */; };
		3BF6A5521DD281F600C914C7 /* MyCollectionViewCell.m in Sources */ = {isa = PBXBuildFile; fileRef = 3BF6A5501DD281F600C914C7 /* MyCollectionViewCell.m */; };
		3BF6A5531DD281F600C914C7 /* MyCollectionViewCell.xib in Resources */ = {isa = PBXBuildFile; fileRef = 3BF6A5511DD281F600C914C7 /* MyCollectionViewCell.xib */; };
		7CF88CE91DCBD89F0040F8F7 /* main.m in Sources */ = {isa = PBXBuildFile; fileRef = 7CF88CE81DCBD89F0040F8F7 /* main.m */; };
		7CF88CEC1DCBD89F0040F8F7 /* AppDelegate.m in Sources */ = {isa = PBXBuildFile; fileRef = 7CF88CEB1DCBD89F0040F8F7 /* AppDelegate.m */; };
		7CF88CEF1DCBD89F0040F8F7 /* ViewController.m in Sources */ = {isa = PBXBuildFile; fileRef = 7CF88CEE1DCBD89F0040F8F7 /* ViewController.m */; };
		7CF88CF41DCBD89F0040F8F7 /* Assets.xcassets in Resources */ = {isa = PBXBuildFile; fileRef = 7CF88CF31DCBD89F0040F8F7 /* Assets.xcassets */; };
		7CF88CF71DCBD89F0040F8F7 /* LaunchScreen.storyboard in Resources */ = {isa = PBXBuildFile; fileRef = 7CF88CF51DCBD89F0040F8F7 /* LaunchScreen.storyboard */; };
/* End PBXBuildFile section */

/* Begin PBXFileReference section */
		3B82FD691DD91EB60093D7C5 /* PageContentViewController.h */ = {isa = PBXFileReference; fileEncoding = 4; lastKnownFileType = sourcecode.c.h; path = PageContentViewController.h; sourceTree = "<group>"; };
		3B82FD6A1DD91EB60093D7C5 /* PageContentViewController.m */ = {isa = PBXFileReference; fileEncoding = 4; lastKnownFileType = sourcecode.c.objc; path = PageContentViewController.m; sourceTree = "<group>"; };
		3B82FD6C1DD926BC0093D7C5 /* HelpViewController.h */ = {isa = PBXFileReference; fileEncoding = 4; lastKnownFileType = sourcecode.c.h; path = HelpViewController.h; sourceTree = "<group>"; };
		3B82FD6D1DD926BC0093D7C5 /* HelpViewController.m */ = {isa = PBXFileReference; fileEncoding = 4; lastKnownFileType = sourcecode.c.objc; path = HelpViewController.m; sourceTree = "<group>"; };
		3B82FD701DD931C40093D7C5 /* Base */ = {isa = PBXFileReference; lastKnownFileType = file.storyboard; name = Base; path = HWCollectionView/Base.lproj/Main.storyboard; sourceTree = "<group>"; };
		3BF6A54F1DD281F600C914C7 /* MyCollectionViewCell.h */ = {isa = PBXFileReference; fileEncoding = 4; lastKnownFileType = sourcecode.c.h; path = MyCollectionViewCell.h; sourceTree = "<group>"; };
		3BF6A5501DD281F600C914C7 /* MyCollectionViewCell.m */ = {isa = PBXFileReference; fileEncoding = 4; lastKnownFileType = sourcecode.c.objc; path = MyCollectionViewCell.m; sourceTree = "<group>"; };
		3BF6A5511DD281F600C914C7 /* MyCollectionViewCell.xib */ = {isa = PBXFileReference; fileEncoding = 4; lastKnownFileType = file.xib; path = MyCollectionViewCell.xib; sourceTree = "<group>"; };
		7CF88CE41DCBD89F0040F8F7 /* HWCollectionView.app */ = {isa = PBXFileReference; explicitFileType = wrapper.application; includeInIndex = 0; path = HWCollectionView.app; sourceTree = BUILT_PRODUCTS_DIR; };
		7CF88CE81DCBD89F0040F8F7 /* main.m */ = {isa = PBXFileReference; lastKnownFileType = sourcecode.c.objc; path = main.m; sourceTree = "<group>"; };
		7CF88CEA1DCBD89F0040F8F7 /* AppDelegate.h */ = {isa = PBXFileReference; lastKnownFileType = sourcecode.c.h; path = AppDelegate.h; sourceTree = "<group>"; };
		7CF88CEB1DCBD89F0040F8F7 /* AppDelegate.m */ = {isa = PBXFileReference; lastKnownFileType = sourcecode.c.objc; path = AppDelegate.m; sourceTree = "<group>"; };
		7CF88CED1DCBD89F0040F8F7 /* ViewController.h */ = {isa = PBXFileReference; lastKnownFileType = sourcecode.c.h; path = ViewController.h; sourceTree = "<group>"; };
		7CF88CEE1DCBD89F0040F8F7 /* ViewController.m */ = {isa = PBXFileReference; lastKnownFileType = sourcecode.c.objc; path = ViewController.m; sourceTree = "<group>"; };
		7CF88CF31DCBD89F0040F8F7 /* Assets.xcassets */ = {isa = PBXFileReference; lastKnownFileType = folder.assetcatalog; path = Assets.xcassets; sourceTree = "<group>"; };
		7CF88CF61DCBD89F0040F8F7 /* Base */ = {isa = PBXFileReference; lastKnownFileType = file.storyboard; name = Base; path = Base.lproj/LaunchScreen.storyboard; sourceTree = "<group>"; };
		7CF88CF81DCBD89F0040F8F7 /* Info.plist */ = {isa = PBXFileReference; lastKnownFileType = text.plist.xml; path = Info.plist; sourceTree = "<group>"; };
/* End PBXFileReference section */

/* Begin PBXFrameworksBuildPhase section */
		7CF88CE11DCBD89F0040F8F7 /* Frameworks */ = {
			isa = PBXFrameworksBuildPhase;
			buildActionMask = 2147483647;
			files = (
			);
			runOnlyForDeploymentPostprocessing = 0;
		};
/* End PBXFrameworksBuildPhase section */

/* Begin PBXGroup section */
		7CF88CDB1DCBD89F0040F8F7 = {
			isa = PBXGroup;
			children = (
				7CF88CE61DCBD89F0040F8F7 /* HWCollectionView */,
				7CF88CE51DCBD89F0040F8F7 /* Products */,
			);
			sourceTree = "<group>";
		};
		7CF88CE51DCBD89F0040F8F7 /* Products */ = {
			isa = PBXGroup;
			children = (
				7CF88CE41DCBD89F0040F8F7 /* HWCollectionView.app */,
			);
			name = Products;
			sourceTree = "<group>";
		};
		7CF88CE61DCBD89F0040F8F7 /* HWCollectionView */ = {
			isa = PBXGroup;
			children = (
				7CF88CEA1DCBD89F0040F8F7 /* AppDelegate.h */,
				7CF88CEB1DCBD89F0040F8F7 /* AppDelegate.m */,
				7CF88CED1DCBD89F0040F8F7 /* ViewController.h */,
				7CF88CEE1DCBD89F0040F8F7 /* ViewController.m */,
				3BF6A54F1DD281F600C914C7 /* MyCollectionViewCell.h */,
				3BF6A5501DD281F600C914C7 /* MyCollectionViewCell.m */,
				3BF6A5511DD281F600C914C7 /* MyCollectionViewCell.xib */,
				3B82FD691DD91EB60093D7C5 /* PageContentViewController.h */,
				3B82FD6A1DD91EB60093D7C5 /* PageContentViewController.m */,
				3B82FD6C1DD926BC0093D7C5 /* HelpViewController.h */,
				3B82FD6D1DD926BC0093D7C5 /* HelpViewController.m */,
				3B82FD6F1DD931C40093D7C5 /* Main.storyboard */,
				7CF88CF31DCBD89F0040F8F7 /* Assets.xcassets */,
				7CF88CF51DCBD89F0040F8F7 /* LaunchScreen.storyboard */,
				7CF88CF81DCBD89F0040F8F7 /* Info.plist */,
				7CF88CE71DCBD89F0040F8F7 /* Supporting Files */,
			);
			path = HWCollectionView;
			sourceTree = "<group>";
		};
		7CF88CE71DCBD89F0040F8F7 /* Supporting Files */ = {
			isa = PBXGroup;
			children = (
				7CF88CE81DCBD89F0040F8F7 /* main.m */,
			);
			name = "Supporting Files";
			sourceTree = "<group>";
		};
/* End PBXGroup section */

/* Begin PBXNativeTarget section */
		7CF88CE31DCBD89F0040F8F7 /* HWCollectionView */ = {
			isa = PBXNativeTarget;
			buildConfigurationList = 7CF88CFB1DCBD89F0040F8F7 /* Build configuration list for PBXNativeTarget "HWCollectionView" */;
			buildPhases = (
				7CF88CE01DCBD89F0040F8F7 /* Sources */,
				7CF88CE11DCBD89F0040F8F7 /* Frameworks */,
				7CF88CE21DCBD89F0040F8F7 /* Resources */,
			);
			buildRules = (
			);
			dependencies = (
			);
			name = HWCollectionView;
			productName = HWCollectionView;
			productReference = 7CF88CE41DCBD89F0040F8F7 /* HWCollectionView.app */;
			productType = "com.apple.product-type.application";
		};
/* End PBXNativeTarget section */

/* Begin PBXProject section */
		7CF88CDC1DCBD89F0040F8F7 /* Project object */ = {
			isa = PBXProject;
			attributes = {
				LastUpgradeCheck = 0810;
				ORGANIZATIONNAME = com.itis.iosLab;
				TargetAttributes = {
					7CF88CE31DCBD89F0040F8F7 = {
						CreatedOnToolsVersion = 8.1;
						ProvisioningStyle = Automatic;
					};
				};
			};
			buildConfigurationList = 7CF88CDF1DCBD89F0040F8F7 /* Build configuration list for PBXProject "HWCollectionView" */;
			compatibilityVersion = "Xcode 3.2";
			developmentRegion = English;
			hasScannedForEncodings = 0;
			knownRegions = (
				en,
				Base,
			);
			mainGroup = 7CF88CDB1DCBD89F0040F8F7;
			productRefGroup = 7CF88CE51DCBD89F0040F8F7 /* Products */;
			projectDirPath = "";
			projectRoot = "";
			targets = (
				7CF88CE31DCBD89F0040F8F7 /* HWCollectionView */,
			);
		};
/* End PBXProject section */

/* Begin PBXResourcesBuildPhase section */
		7CF88CE21DCBD89F0040F8F7 /* Resources */ = {
			isa = PBXResourcesBuildPhase;
			buildActionMask = 2147483647;
			files = (
				7CF88CF71DCBD89F0040F8F7 /* LaunchScreen.storyboard in Resources */,
				7CF88CF41DCBD89F0040F8F7 /* Assets.xcassets in Resources */,
				3BF6A5531DD281F600C914C7 /* MyCollectionViewCell.xib in Resources */,
				3B82FD711DD931C50093D7C5 /* Main.storyboard in Resources */,
			);
			runOnlyForDeploymentPostprocessing = 0;
		};
/* End PBXResourcesBuildPhase section */

/* Begin PBXSourcesBuildPhase section */
		7CF88CE01DCBD89F0040F8F7 /* Sources */ = {
			isa = PBXSourcesBuildPhase;
			buildActionMask = 2147483647;
			files = (
				7CF88CEF1DCBD89F0040F8F7 /* ViewController.m in Sources */,
				3B82FD6E1DD926BC0093D7C5 /* HelpViewController.m in Sources */,
				7CF88CEC1DCBD89F0040F8F7 /* AppDelegate.m in Sources */,
				3B82FD6B1DD91EB60093D7C5 /* PageContentViewController.m in Sources */,
				7CF88CE91DCBD89F0040F8F7 /* main.m in Sources */,
				3BF6A5521DD281F600C914C7 /* MyCollectionViewCell.m in Sources */,
			);
			runOnlyForDeploymentPostprocessing = 0;
		};
/* End PBXSourcesBuildPhase section */

/* Begin PBXVariantGroup section */
		3B82FD6F1DD931C40093D7C5 /* Main.storyboard */ = {
			isa = PBXVariantGroup;
			children = (
				3B82FD701DD931C40093D7C5 /* Base */,
			);
			name = Main.storyboard;
			path = ..;
			sourceTree = "<group>";
		};
		7CF88CF51DCBD89F0040F8F7 /* LaunchScreen.storyboard */ = {
			isa = PBXVariantGroup;
			children = (
				7CF88CF61DCBD89F0040F8F7 /* Base */,
			);
			name = LaunchScreen.storyboard;
			sourceTree = "<group>";
		};
/* End PBXVariantGroup section */

/* Begin XCBuildConfiguration section */
		7CF88CF91DCBD89F0040F8F7 /* Debug */ = {
			isa = XCBuildConfiguration;
			buildSettings = {
				ALWAYS_SEARCH_USER_PATHS = NO;
				CLANG_ANALYZER_NONNULL = YES;
				CLANG_CXX_LANGUAGE_STANDARD = "gnu++0x";
				CLANG_CXX_LIBRARY = "libc++";
				CLANG_ENABLE_MODULES = YES;
				CLANG_ENABLE_OBJC_ARC = YES;
				CLANG_WARN_BOOL_CONVERSION = YES;
				CLANG_WARN_CONSTANT_CONVERSION = YES;
				CLANG_WARN_DIRECT_OBJC_ISA_USAGE = YES_ERROR;
				CLANG_WARN_DOCUMENTATION_COMMENTS = YES;
				CLANG_WARN_EMPTY_BODY = YES;
				CLANG_WARN_ENUM_CONVERSION = YES;
				CLANG_WARN_INFINITE_RECURSION = YES;
				CLANG_WARN_INT_CONVERSION = YES;
				CLANG_WARN_OBJC_ROOT_CLASS = YES_ERROR;
				CLANG_WARN_SUSPICIOUS_MOVES = YES;
				CLANG_WARN_UNREACHABLE_CODE = YES;
				CLANG_WARN__DUPLICATE_METHOD_MATCH = YES;
				"CODE_SIGN_IDENTITY[sdk=iphoneos*]" = "iPhone Developer";
				COPY_PHASE_STRIP = NO;
				DEBUG_INFORMATION_FORMAT = dwarf;
				ENABLE_STRICT_OBJC_MSGSEND = YES;
				ENABLE_TESTABILITY = YES;
				GCC_C_LANGUAGE_STANDARD = gnu99;
				GCC_DYNAMIC_NO_PIC = NO;
				GCC_NO_COMMON_BLOCKS = YES;
				GCC_OPTIMIZATION_LEVEL = 0;
				GCC_PREPROCESSOR_DEFINITIONS = (
					"DEBUG=1",
					"$(inherited)",
				);
				GCC_WARN_64_TO_32_BIT_CONVERSION = YES;
				GCC_WARN_ABOUT_RETURN_TYPE = YES_ERROR;
				GCC_WARN_UNDECLARED_SELECTOR = YES;
				GCC_WARN_UNINITIALIZED_AUTOS = YES_AGGRESSIVE;
				GCC_WARN_UNUSED_FUNCTION = YES;
				GCC_WARN_UNUSED_VARIABLE = YES;
				IPHONEOS_DEPLOYMENT_TARGET = 10.1;
				MTL_ENABLE_DEBUG_INFO = YES;
				ONLY_ACTIVE_ARCH = YES;
				SDKROOT = iphoneos;
			};
			name = Debug;
		};
		7CF88CFA1DCBD89F0040F8F7 /* Release */ = {
			isa = XCBuildConfiguration;
			buildSettings = {
				ALWAYS_SEARCH_USER_PATHS = NO;
				CLANG_ANALYZER_NONNULL = YES;
				CLANG_CXX_LANGUAGE_STANDARD = "gnu++0x";
				CLANG_CXX_LIBRARY = "libc++";
				CLANG_ENABLE_MODULES = YES;
				CLANG_ENABLE_OBJC_ARC = YES;
				CLANG_WARN_BOOL_CONVERSION = YES;
				CLANG_WARN_CONSTANT_CONVERSION = YES;
				CLANG_WARN_DIRECT_OBJC_ISA_USAGE = YES_ERROR;
				CLANG_WARN_DOCUMENTATION_COMMENTS = YES;
				CLANG_WARN_EMPTY_BODY = YES;
				CLANG_WARN_ENUM_CONVERSION = YES;
				CLANG_WARN_INFINITE_RECURSION = YES;
				CLANG_WARN_INT_CONVERSION = YES;
				CLANG_WARN_OBJC_ROOT_CLASS = YES_ERROR;
				CLANG_WARN_SUSPICIOUS_MOVES = YES;
				CLANG_WARN_UNREACHABLE_CODE = YES;
				CLANG_WARN__DUPLICATE_METHOD_MATCH = YES;
				"CODE_SIGN_IDENTITY[sdk=iphoneos*]" = "iPhone Developer";
				COPY_PHASE_STRIP = NO;
				DEBUG_INFORMATION_FORMAT = "dwarf-with-dsym";
				ENABLE_NS_ASSERTIONS = NO;
				ENABLE_STRICT_OBJC_MSGSEND = YES;
				GCC_C_LANGUAGE_STANDARD = gnu99;
				GCC_NO_COMMON_BLOCKS = YES;
				GCC_WARN_64_TO_32_BIT_CONVERSION = YES;
				GCC_WARN_ABOUT_RETURN_TYPE = YES_ERROR;
				GCC_WARN_UNDECLARED_SELECTOR = YES;
				GCC_WARN_UNINITIALIZED_AUTOS = YES_AGGRESSIVE;
				GCC_WARN_UNUSED_FUNCTION = YES;
				GCC_WARN_UNUSED_VARIABLE = YES;
				IPHONEOS_DEPLOYMENT_TARGET = 10.1;
				MTL_ENABLE_DEBUG_INFO = NO;
				SDKROOT = iphoneos;
				VALIDATE_PRODUCT = YES;
			};
			name = Release;
		};
		7CF88CFC1DCBD89F0040F8F7 /* Debug */ = {
			isa = XCBuildConfiguration;
			buildSettings = {
				ASSETCATALOG_COMPILER_APPICON_NAME = AppIcon;
				INFOPLIST_FILE = HWCollectionView/Info.plist;
				IPHONEOS_DEPLOYMENT_TARGET = 10.0;
				LD_RUNPATH_SEARCH_PATHS = "$(inherited) @executable_path/Frameworks";
				PRODUCT_BUNDLE_IDENTIFIER = com.itis.HWCollectionView;
				PRODUCT_NAME = "$(TARGET_NAME)";
			};
			name = Debug;
		};
		7CF88CFD1DCBD89F0040F8F7 /* Release */ = {
			isa = XCBuildConfiguration;
			buildSettings = {
				ASSETCATALOG_COMPILER_APPICON_NAME = AppIcon;
				INFOPLIST_FILE = HWCollectionView/Info.plist;
				IPHONEOS_DEPLOYMENT_TARGET = 10.0;
				LD_RUNPATH_SEARCH_PATHS = "$(inherited) @executable_path/Frameworks";
				PRODUCT_BUNDLE_IDENTIFIER = com.itis.HWCollectionView;
				PRODUCT_NAME = "$(TARGET_NAME)";
			};
			name = Release;
		};
/* End XCBuildConfiguration section */

/* Begin XCConfigurationList section */
		7CF88CDF1DCBD89F0040F8F7 /* Build configuration list for PBXProject "HWCollectionView" */ = {
			isa = XCConfigurationList;
			buildConfigurations = (
				7CF88CF91DCBD89F0040F8F7 /* Debug */,
				7CF88CFA1DCBD89F0040F8F7 /* Release */,
			);
			defaultConfigurationIsVisible = 0;
			defaultConfigurationName = Release;
		};
		7CF88CFB1DCBD89F0040F8F7 /* Build configuration list for PBXNativeTarget "HWCollectionView" */ = {
			isa = XCConfigurationList;
			buildConfigurations = (
				7CF88CFC1DCBD89F0040F8F7 /* Debug */,
				7CF88CFD1DCBD89F0040F8F7 /* Release */,
			);
			defaultConfigurationIsVisible = 0;
			defaultConfigurationName = Release;
		};
/* End XCConfigurationList section */
	};
	rootObject = 7CF88CDC1DCBD89F0040F8F7 /* Project object */;
}
